
Microsoft Visual Studio Solution File, Format Version 12.00
# Visual Studio Version 17
VisualStudioVersion = 17.5.33516.290
MinimumVisualStudioVersion = 10.0.40219.1
Project("{9A19103F-16F7-4668-BE54-9A1E7A4F7556}") = "PayrollEngine.JsonSchemaBuilder", "JsonSchemaBuilder\PayrollEngine.JsonSchemaBuilder.csproj", "{1DA0F041-0CC7-478F-8545-CAF8B2974DE2}"
EndProject
Project("{2150E333-8FDC-42A3-9474-1A3956D46DE8}") = "Solution Items", "Solution Items", "{5762033E-4C70-4FAE-8EC2-085C4BED4F4A}"
	ProjectSection(SolutionItems) = preProject
		.gitignore = .gitignore
		Directory.Build.props = Directory.Build.props
		README.md = README.md
	EndProjectSection
EndProject
Global
	GlobalSection(SolutionConfigurationPlatforms) = preSolution
		Debug|Any CPU = Debug|Any CPU
		Release|Any CPU = Release|Any CPU
	EndGlobalSection
	GlobalSection(ProjectConfigurationPlatforms) = postSolution
		{1DA0F041-0CC7-478F-8545-CAF8B2974DE2}.Debug|Any CPU.ActiveCfg = Debug|Any CPU
		{1DA0F041-0CC7-478F-8545-CAF8B2974DE2}.Debug|Any CPU.Build.0 = Debug|Any CPU
		{1DA0F041-0CC7-478F-8545-CAF8B2974DE2}.Release|Any CPU.ActiveCfg = Release|Any CPU
		{1DA0F041-0CC7-478F-8545-CAF8B2974DE2}.Release|Any CPU.Build.0 = Release|Any CPU
	EndGlobalSection
	GlobalSection(SolutionProperties) = preSolution
		HideSolutionNode = FALSE
	EndGlobalSection
	GlobalSection(ExtensibilityGlobals) = postSolution
		SolutionGuid = {B46D8B94-A288-4163-BFE6-F1E08A8334B6}
	EndGlobalSection
	GlobalSection(NDepend) = preSolution
		Project = ".\PayrollEngine.JsonSchemaBuilder.ndproj"
	EndGlobalSection
EndGlobal
